// !$*UTF8*$!
{
	archiveVersion = 1;
	classes = {
	};
	objectVersion = 50;
	objects = {

/* Begin PBXBuildFile section */
		0404DCCF24D6D7AA00A06E1D /* MovieListViewControlerViewController.swift in Sources */ = {isa = PBXBuildFile; fileRef = 0404DCCE24D6D7AA00A06E1D /* MovieListViewControlerViewController.swift */; };
		0404DCD124D6D87C00A06E1D /* MovieTableViewCell.swift in Sources */ = {isa = PBXBuildFile; fileRef = 0404DCD024D6D87C00A06E1D /* MovieTableViewCell.swift */; };
		040538C524B1CEB900716DFC /* AppDelegate.swift in Sources */ = {isa = PBXBuildFile; fileRef = 040538C424B1CEB900716DFC /* AppDelegate.swift */; };
		040538C724B1CEB900716DFC /* SceneDelegate.swift in Sources */ = {isa = PBXBuildFile; fileRef = 040538C624B1CEB900716DFC /* SceneDelegate.swift */; };
		040538C924B1CEB900716DFC /* ViewController.swift in Sources */ = {isa = PBXBuildFile; fileRef = 040538C824B1CEB900716DFC /* ViewController.swift */; };
		040538CC24B1CEB900716DFC /* Main.storyboard in Resources */ = {isa = PBXBuildFile; fileRef = 040538CA24B1CEB900716DFC /* Main.storyboard */; };
		040538CE24B1CEBB00716DFC /* Assets.xcassets in Resources */ = {isa = PBXBuildFile; fileRef = 040538CD24B1CEBB00716DFC /* Assets.xcassets */; };
		040538D124B1CEBB00716DFC /* LaunchScreen.storyboard in Resources */ = {isa = PBXBuildFile; fileRef = 040538CF24B1CEBB00716DFC /* LaunchScreen.storyboard */; };
		040538DC24B1CEBB00716DFC /* first_loginTests.swift in Sources */ = {isa = PBXBuildFile; fileRef = 040538DB24B1CEBB00716DFC /* first_loginTests.swift */; };
		040538E724B1CEBB00716DFC /* first_loginUITests.swift in Sources */ = {isa = PBXBuildFile; fileRef = 040538E624B1CEBB00716DFC /* first_loginUITests.swift */; };
		040538F524B1E62000716DFC /* Login.swift in Sources */ = {isa = PBXBuildFile; fileRef = 040538F424B1E62000716DFC /* Login.swift */; };
		047B299324C327B300E0E40D /* ShowData.swift in Sources */ = {isa = PBXBuildFile; fileRef = 047B299224C327B300E0E40D /* ShowData.swift */; };
		047B29F824C45FF600E0E40D /* MapVc.swift in Sources */ = {isa = PBXBuildFile; fileRef = 047B29F724C45FF600E0E40D /* MapVc.swift */; };
		047C9AC924C3141400A41AE0 /* SaveViewController.swift in Sources */ = {isa = PBXBuildFile; fileRef = 047C9AC824C3141400A41AE0 /* SaveViewController.swift */; };
/* End PBXBuildFile section */

/* Begin PBXContainerItemProxy section */
		040538D824B1CEBB00716DFC /* PBXContainerItemProxy */ = {
			isa = PBXContainerItemProxy;
			containerPortal = 040538B924B1CEB900716DFC /* Project object */;
			proxyType = 1;
			remoteGlobalIDString = 040538C024B1CEB900716DFC;
			remoteInfo = first_login;
		};
		040538E324B1CEBB00716DFC /* PBXContainerItemProxy */ = {
			isa = PBXContainerItemProxy;
			containerPortal = 040538B924B1CEB900716DFC /* Project object */;
			proxyType = 1;
			remoteGlobalIDString = 040538C024B1CEB900716DFC;
			remoteInfo = first_login;
		};
/* End PBXContainerItemProxy section */

/* Begin PBXFileReference section */
		0404DCCE24D6D7AA00A06E1D /* MovieListViewControlerViewController.swift */ = {isa = PBXFileReference; lastKnownFileType = sourcecode.swift; path = MovieListViewControlerViewController.swift; sourceTree = "<group>"; };
		0404DCD024D6D87C00A06E1D /* MovieTableViewCell.swift */ = {isa = PBXFileReference; lastKnownFileType = sourcecode.swift; path = MovieTableViewCell.swift; sourceTree = "<group>"; };
		040538C124B1CEB900716DFC /* first_login.app */ = {isa = PBXFileReference; explicitFileType = wrapper.application; includeInIndex = 0; path = first_login.app; sourceTree = BUILT_PRODUCTS_DIR; };
		040538C424B1CEB900716DFC /* AppDelegate.swift */ = {isa = PBXFileReference; lastKnownFileType = sourcecode.swift; path = AppDelegate.swift; sourceTree = "<group>"; };
		040538C624B1CEB900716DFC /* SceneDelegate.swift */ = {isa = PBXFileReference; lastKnownFileType = sourcecode.swift; path = SceneDelegate.swift; sourceTree = "<group>"; };
		040538C824B1CEB900716DFC /* ViewController.swift */ = {isa = PBXFileReference; lastKnownFileType = sourcecode.swift; path = ViewController.swift; sourceTree = "<group>"; };
		040538CB24B1CEB900716DFC /* Base */ = {isa = PBXFileReference; lastKnownFileType = file.storyboard; name = Base; path = Base.lproj/Main.storyboard; sourceTree = "<group>"; };
		040538CD24B1CEBB00716DFC /* Assets.xcassets */ = {isa = PBXFileReference; lastKnownFileType = folder.assetcatalog; path = Assets.xcassets; sourceTree = "<group>"; };
		040538D024B1CEBB00716DFC /* Base */ = {isa = PBXFileReference; lastKnownFileType = file.storyboard; name = Base; path = Base.lproj/LaunchScreen.storyboard; sourceTree = "<group>"; };
		040538D224B1CEBB00716DFC /* Info.plist */ = {isa = PBXFileReference; lastKnownFileType = text.plist.xml; path = Info.plist; sourceTree = "<group>"; };
		040538D724B1CEBB00716DFC /* first_loginTests.xctest */ = {isa = PBXFileReference; explicitFileType = wrapper.cfbundle; includeInIndex = 0; path = first_loginTests.xctest; sourceTree = BUILT_PRODUCTS_DIR; };
		040538DB24B1CEBB00716DFC /* first_loginTests.swift */ = {isa = PBXFileReference; lastKnownFileType = sourcecode.swift; path = first_loginTests.swift; sourceTree = "<group>"; };
		040538DD24B1CEBB00716DFC /* Info.plist */ = {isa = PBXFileReference; lastKnownFileType = text.plist.xml; path = Info.plist; sourceTree = "<group>"; };
		040538E224B1CEBB00716DFC /* first_loginUITests.xctest */ = {isa = PBXFileReference; explicitFileType = wrapper.cfbundle; includeInIndex = 0; path = first_loginUITests.xctest; sourceTree = BUILT_PRODUCTS_DIR; };
		040538E624B1CEBB00716DFC /* first_loginUITests.swift */ = {isa = PBXFileReference; lastKnownFileType = sourcecode.swift; path = first_loginUITests.swift; sourceTree = "<group>"; };
		040538E824B1CEBB00716DFC /* Info.plist */ = {isa = PBXFileReference; lastKnownFileType = text.plist.xml; path = Info.plist; sourceTree = "<group>"; };
		040538F424B1E62000716DFC /* Login.swift */ = {isa = PBXFileReference; lastKnownFileType = sourcecode.swift; path = Login.swift; sourceTree = "<group>"; };
		047B299224C327B300E0E40D /* ShowData.swift */ = {isa = PBXFileReference; lastKnownFileType = sourcecode.swift; path = ShowData.swift; sourceTree = "<group>"; };
		047B29F724C45FF600E0E40D /* MapVc.swift */ = {isa = PBXFileReference; lastKnownFileType = sourcecode.swift; path = MapVc.swift; sourceTree = "<group>"; };
		047C9AC824C3141400A41AE0 /* SaveViewController.swift */ = {isa = PBXFileReference; lastKnownFileType = sourcecode.swift; path = SaveViewController.swift; sourceTree = "<group>"; };
/* End PBXFileReference section */

/* Begin PBXFrameworksBuildPhase section */
		040538BE24B1CEB900716DFC /* Frameworks */ = {
			isa = PBXFrameworksBuildPhase;
			buildActionMask = 2147483647;
			files = (
			);
			runOnlyForDeploymentPostprocessing = 0;
		};
		040538D424B1CEBB00716DFC /* Frameworks */ = {
			isa = PBXFrameworksBuildPhase;
			buildActionMask = 2147483647;
			files = (
			);
			runOnlyForDeploymentPostprocessing = 0;
		};
		040538DF24B1CEBB00716DFC /* Frameworks */ = {
			isa = PBXFrameworksBuildPhase;
			buildActionMask = 2147483647;
			files = (
			);
			runOnlyForDeploymentPostprocessing = 0;
		};
/* End PBXFrameworksBuildPhase section */

/* Begin PBXGroup section */
		040538B824B1CEB900716DFC = {
			isa = PBXGroup;
			children = (
				040538C324B1CEB900716DFC /* first_login */,
				040538DA24B1CEBB00716DFC /* first_loginTests */,
				040538E524B1CEBB00716DFC /* first_loginUITests */,
				040538C224B1CEB900716DFC /* Products */,
			);
			sourceTree = "<group>";
		};
		040538C224B1CEB900716DFC /* Products */ = {
			isa = PBXGroup;
			children = (
				040538C124B1CEB900716DFC /* first_login.app */,
				040538D724B1CEBB00716DFC /* first_loginTests.xctest */,
				040538E224B1CEBB00716DFC /* first_loginUITests.xctest */,
			);
			name = Products;
			sourceTree = "<group>";
		};
		040538C324B1CEB900716DFC /* first_login */ = {
			isa = PBXGroup;
			children = (
				040538C424B1CEB900716DFC /* AppDelegate.swift */,
				040538C624B1CEB900716DFC /* SceneDelegate.swift */,
				040538C824B1CEB900716DFC /* ViewController.swift */,
				040538F424B1E62000716DFC /* Login.swift */,
				047C9AC824C3141400A41AE0 /* SaveViewController.swift */,
				047B299224C327B300E0E40D /* ShowData.swift */,
				047B29F724C45FF600E0E40D /* MapVc.swift */,
				040538CA24B1CEB900716DFC /* Main.storyboard */,
				040538CD24B1CEBB00716DFC /* Assets.xcassets */,
				040538CF24B1CEBB00716DFC /* LaunchScreen.storyboard */,
				040538D224B1CEBB00716DFC /* Info.plist */,
				0404DCCE24D6D7AA00A06E1D /* MovieListViewControlerViewController.swift */,
				0404DCD024D6D87C00A06E1D /* MovieTableViewCell.swift */,
			);
			path = first_login;
			sourceTree = "<group>";
		};
		040538DA24B1CEBB00716DFC /* first_loginTests */ = {
			isa = PBXGroup;
			children = (
				040538DB24B1CEBB00716DFC /* first_loginTests.swift */,
				040538DD24B1CEBB00716DFC /* Info.plist */,
			);
			path = first_loginTests;
			sourceTree = "<group>";
		};
		040538E524B1CEBB00716DFC /* first_loginUITests */ = {
			isa = PBXGroup;
			children = (
				040538E624B1CEBB00716DFC /* first_loginUITests.swift */,
				040538E824B1CEBB00716DFC /* Info.plist */,
			);
			path = first_loginUITests;
			sourceTree = "<group>";
		};
/* End PBXGroup section */

/* Begin PBXNativeTarget section */
		040538C024B1CEB900716DFC /* first_login */ = {
			isa = PBXNativeTarget;
			buildConfigurationList = 040538EB24B1CEBB00716DFC /* Build configuration list for PBXNativeTarget "first_login" */;
			buildPhases = (
				040538BD24B1CEB900716DFC /* Sources */,
				040538BE24B1CEB900716DFC /* Frameworks */,
				040538BF24B1CEB900716DFC /* Resources */,
			);
			buildRules = (
			);
			dependencies = (
			);
			name = first_login;
			productName = first_login;
			productReference = 040538C124B1CEB900716DFC /* first_login.app */;
			productType = "com.apple.product-type.application";
		};
		040538D624B1CEBB00716DFC /* first_loginTests */ = {
			isa = PBXNativeTarget;
			buildConfigurationList = 040538EE24B1CEBB00716DFC /* Build configuration list for PBXNativeTarget "first_loginTests" */;
			buildPhases = (
				040538D324B1CEBB00716DFC /* Sources */,
				040538D424B1CEBB00716DFC /* Frameworks */,
				040538D524B1CEBB00716DFC /* Resources */,
			);
			buildRules = (
			);
			dependencies = (
				040538D924B1CEBB00716DFC /* PBXTargetDependency */,
			);
			name = first_loginTests;
			productName = first_loginTests;
			productReference = 040538D724B1CEBB00716DFC /* first_loginTests.xctest */;
			productType = "com.apple.product-type.bundle.unit-test";
		};
		040538E124B1CEBB00716DFC /* first_loginUITests */ = {
			isa = PBXNativeTarget;
			buildConfigurationList = 040538F124B1CEBB00716DFC /* Build configuration list for PBXNativeTarget "first_loginUITests" */;
			buildPhases = (
				040538DE24B1CEBB00716DFC /* Sources */,
				040538DF24B1CEBB00716DFC /* Frameworks */,
				040538E024B1CEBB00716DFC /* Resources */,
			);
			buildRules = (
			);
			dependencies = (
				040538E424B1CEBB00716DFC /* PBXTargetDependency */,
			);
			name = first_loginUITests;
			productName = first_loginUITests;
			productReference = 040538E224B1CEBB00716DFC /* first_loginUITests.xctest */;
			productType = "com.apple.product-type.bundle.ui-testing";
		};
/* End PBXNativeTarget section */

/* Begin PBXProject section */
		040538B924B1CEB900716DFC /* Project object */ = {
			isa = PBXProject;
			attributes = {
				LastSwiftUpdateCheck = 1130;
				LastUpgradeCheck = 1130;
				ORGANIZATIONNAME = Nextpage;
				TargetAttributes = {
					040538C024B1CEB900716DFC = {
						CreatedOnToolsVersion = 11.3;
					};
					040538D624B1CEBB00716DFC = {
						CreatedOnToolsVersion = 11.3;
						TestTargetID = 040538C024B1CEB900716DFC;
					};
					040538E124B1CEBB00716DFC = {
						CreatedOnToolsVersion = 11.3;
						TestTargetID = 040538C024B1CEB900716DFC;
					};
				};
			};
			buildConfigurationList = 040538BC24B1CEB900716DFC /* Build configuration list for PBXProject "first_login" */;
			compatibilityVersion = "Xcode 9.3";
			developmentRegion = en;
			hasScannedForEncodings = 0;
			knownRegions = (
				en,
				Base,
			);
			mainGroup = 040538B824B1CEB900716DFC;
			productRefGroup = 040538C224B1CEB900716DFC /* Products */;
			projectDirPath = "";
			projectRoot = "";
			targets = (
				040538C024B1CEB900716DFC /* first_login */,
				040538D624B1CEBB00716DFC /* first_loginTests */,
				040538E124B1CEBB00716DFC /* first_loginUITests */,
			);
		};
/* End PBXProject section */

/* Begin PBXResourcesBuildPhase section */
		040538BF24B1CEB900716DFC /* Resources */ = {
			isa = PBXResourcesBuildPhase;
			buildActionMask = 2147483647;
			files = (
				040538D124B1CEBB00716DFC /* LaunchScreen.storyboard in Resources */,
				040538CE24B1CEBB00716DFC /* Assets.xcassets in Resources */,
				040538CC24B1CEB900716DFC /* Main.storyboard in Resources */,
			);
			runOnlyForDeploymentPostprocessing = 0;
		};
		040538D524B1CEBB00716DFC /* Resources */ = {
			isa = PBXResourcesBuildPhase;
			buildActionMask = 2147483647;
			files = (
			);
			runOnlyForDeploymentPostprocessing = 0;
		};
		040538E024B1CEBB00716DFC /* Resources */ = {
			isa = PBXResourcesBuildPhase;
			buildActionMask = 2147483647;
			files = (
			);
			runOnlyForDeploymentPostprocessing = 0;
		};
/* End PBXResourcesBuildPhase section */

/* Begin PBXSourcesBuildPhase section */
		040538BD24B1CEB900716DFC /* Sources */ = {
			isa = PBXSourcesBuildPhase;
			buildActionMask = 2147483647;
			files = (
				040538C924B1CEB900716DFC /* ViewController.swift in Sources */,
				047B29F824C45FF600E0E40D /* MapVc.swift in Sources */,
				0404DCD124D6D87C00A06E1D /* MovieTableViewCell.swift in Sources */,
				047C9AC924C3141400A41AE0 /* SaveViewController.swift in Sources */,
				0404DCCF24D6D7AA00A06E1D /* MovieListViewControlerViewController.swift in Sources */,
				040538C524B1CEB900716DFC /* AppDelegate.swift in Sources */,
				040538C724B1CEB900716DFC /* SceneDelegate.swift in Sources */,
				047B299324C327B300E0E40D /* ShowData.swift in Sources */,
				040538F524B1E62000716DFC /* Login.swift in Sources */,
			);
			runOnlyForDeploymentPostprocessing = 0;
		};
		040538D324B1CEBB00716DFC /* Sources */ = {
			isa = PBXSourcesBuildPhase;
			buildActionMask = 2147483647;
			files = (
				040538DC24B1CEBB00716DFC /* first_loginTests.swift in Sources */,
			);
			runOnlyForDeploymentPostprocessing = 0;
		};
		040538DE24B1CEBB00716DFC /* Sources */ = {
			isa = PBXSourcesBuildPhase;
			buildActionMask = 2147483647;
			files = (
				040538E724B1CEBB00716DFC /* first_loginUITests.swift in Sources */,
			);
			runOnlyForDeploymentPostprocessing = 0;
		};
/* End PBXSourcesBuildPhase section */

/* Begin PBXTargetDependency section */
		040538D924B1CEBB00716DFC /* PBXTargetDependency */ = {
			isa = PBXTargetDependency;
			target = 040538C024B1CEB900716DFC /* first_login */;
			targetProxy = 040538D824B1CEBB00716DFC /* PBXContainerItemProxy */;
		};
		040538E424B1CEBB00716DFC /* PBXTargetDependency */ = {
			isa = PBXTargetDependency;
			target = 040538C024B1CEB900716DFC /* first_login */;
			targetProxy = 040538E324B1CEBB00716DFC /* PBXContainerItemProxy */;
		};
/* End PBXTargetDependency section */

/* Begin PBXVariantGroup section */
		040538CA24B1CEB900716DFC /* Main.storyboard */ = {
			isa = PBXVariantGroup;
			children = (
				040538CB24B1CEB900716DFC /* Base */,
			);
			name = Main.storyboard;
			sourceTree = "<group>";
		};
		040538CF24B1CEBB00716DFC /* LaunchScreen.storyboard */ = {
			isa = PBXVariantGroup;
			children = (
				040538D024B1CEBB00716DFC /* Base */,
			);
			name = LaunchScreen.storyboard;
			sourceTree = "<group>";
		};
/* End PBXVariantGroup section */

/* Begin XCBuildConfiguration section */
		040538E924B1CEBB00716DFC /* Debug */ = {
			isa = XCBuildConfiguration;
			buildSettings = {
				ALWAYS_SEARCH_USER_PATHS = NO;
				CLANG_ANALYZER_NONNULL = YES;
				CLANG_ANALYZER_NUMBER_OBJECT_CONVERSION = YES_AGGRESSIVE;
				CLANG_CXX_LANGUAGE_STANDARD = "gnu++14";
				CLANG_CXX_LIBRARY = "libc++";
				CLANG_ENABLE_MODULES = YES;
				CLANG_ENABLE_OBJC_ARC = YES;
				CLANG_ENABLE_OBJC_WEAK = YES;
				CLANG_WARN_BLOCK_CAPTURE_AUTORELEASING = YES;
				CLANG_WARN_BOOL_CONVERSION = YES;
				CLANG_WARN_COMMA = YES;
				CLANG_WARN_CONSTANT_CONVERSION = YES;
				CLANG_WARN_DEPRECATED_OBJC_IMPLEMENTATIONS = YES;
				CLANG_WARN_DIRECT_OBJC_ISA_USAGE = YES_ERROR;
				CLANG_WARN_DOCUMENTATION_COMMENTS = YES;
				CLANG_WARN_EMPTY_BODY = YES;
				CLANG_WARN_ENUM_CONVERSION = YES;
				CLANG_WARN_INFINITE_RECURSION = YES;
				CLANG_WARN_INT_CONVERSION = YES;
				CLANG_WARN_NON_LITERAL_NULL_CONVERSION = YES;
				CLANG_WARN_OBJC_IMPLICIT_RETAIN_SELF = YES;
				CLANG_WARN_OBJC_LITERAL_CONVERSION = YES;
				CLANG_WARN_OBJC_ROOT_CLASS = YES_ERROR;
				CLANG_WARN_RANGE_LOOP_ANALYSIS = YES;
				CLANG_WARN_STRICT_PROTOTYPES = YES;
				CLANG_WARN_SUSPICIOUS_MOVE = YES;
				CLANG_WARN_UNGUARDED_AVAILABILITY = YES_AGGRESSIVE;
				CLANG_WARN_UNREACHABLE_CODE = YES;
				CLANG_WARN__DUPLICATE_METHOD_MATCH = YES;
				COPY_PHASE_STRIP = NO;
				DEBUG_INFORMATION_FORMAT = dwarf;
				ENABLE_STRICT_OBJC_MSGSEND = YES;
				ENABLE_TESTABILITY = YES;
				GCC_C_LANGUAGE_STANDARD = gnu11;
				GCC_DYNAMIC_NO_PIC = NO;
				GCC_NO_COMMON_BLOCKS = YES;
				GCC_OPTIMIZATION_LEVEL = 0;
				GCC_PREPROCESSOR_DEFINITIONS = (
					"DEBUG=1",
					"$(inherited)",
				);
				GCC_WARN_64_TO_32_BIT_CONVERSION = YES;
				GCC_WARN_ABOUT_RETURN_TYPE = YES_ERROR;
				GCC_WARN_UNDECLARED_SELECTOR = YES;
				GCC_WARN_UNINITIALIZED_AUTOS = YES_AGGRESSIVE;
				GCC_WARN_UNUSED_FUNCTION = YES;
				GCC_WARN_UNUSED_VARIABLE = YES;
				IPHONEOS_DEPLOYMENT_TARGET = 13.2;
				MTL_ENABLE_DEBUG_INFO = INCLUDE_SOURCE;
				MTL_FAST_MATH = YES;
				ONLY_ACTIVE_ARCH = YES;
				SDKROOT = iphoneos;
				SWIFT_ACTIVE_COMPILATION_CONDITIONS = DEBUG;
				SWIFT_OPTIMIZATION_LEVEL = "-Onone";
			};
			name = Debug;
		};
		040538EA24B1CEBB00716DFC /* Release */ = {
			isa = XCBuildConfiguration;
			buildSettings = {
				ALWAYS_SEARCH_USER_PATHS = NO;
				CLANG_ANALYZER_NONNULL = YES;
				CLANG_ANALYZER_NUMBER_OBJECT_CONVERSION = YES_AGGRESSIVE;
				CLANG_CXX_LANGUAGE_STANDARD = "gnu++14";
				CLANG_CXX_LIBRARY = "libc++";
				CLANG_ENABLE_MODULES = YES;
				CLANG_ENABLE_OBJC_ARC = YES;
				CLANG_ENABLE_OBJC_WEAK = YES;
				CLANG_WARN_BLOCK_CAPTURE_AUTORELEASING = YES;
				CLANG_WARN_BOOL_CONVERSION = YES;
				CLANG_WARN_COMMA = YES;
				CLANG_WARN_CONSTANT_CONVERSION = YES;
				CLANG_WARN_DEPRECATED_OBJC_IMPLEMENTATIONS = YES;
				CLANG_WARN_DIRECT_OBJC_ISA_USAGE = YES_ERROR;
				CLANG_WARN_DOCUMENTATION_COMMENTS = YES;
				CLANG_WARN_EMPTY_BODY = YES;
				CLANG_WARN_ENUM_CONVERSION = YES;
				CLANG_WARN_INFINITE_RECURSION = YES;
				CLANG_WARN_INT_CONVERSION = YES;
				CLANG_WARN_NON_LITERAL_NULL_CONVERSION = YES;
				CLANG_WARN_OBJC_IMPLICIT_RETAIN_SELF = YES;
				CLANG_WARN_OBJC_LITERAL_CONVERSION = YES;
				CLANG_WARN_OBJC_ROOT_CLASS = YES_ERROR;
				CLANG_WARN_RANGE_LOOP_ANALYSIS = YES;
				CLANG_WARN_STRICT_PROTOTYPES = YES;
				CLANG_WARN_SUSPICIOUS_MOVE = YES;
				CLANG_WARN_UNGUARDED_AVAILABILITY = YES_AGGRESSIVE;
				CLANG_WARN_UNREACHABLE_CODE = YES;
				CLANG_WARN__DUPLICATE_METHOD_MATCH = YES;
				COPY_PHASE_STRIP = NO;
				DEBUG_INFORMATION_FORMAT = "dwarf-with-dsym";
				ENABLE_NS_ASSERTIONS = NO;
				ENABLE_STRICT_OBJC_MSGSEND = YES;
				GCC_C_LANGUAGE_STANDARD = gnu11;
				GCC_NO_COMMON_BLOCKS = YES;
				GCC_WARN_64_TO_32_BIT_CONVERSION = YES;
				GCC_WARN_ABOUT_RETURN_TYPE = YES_ERROR;
				GCC_WARN_UNDECLARED_SELECTOR = YES;
				GCC_WARN_UNINITIALIZED_AUTOS = YES_AGGRESSIVE;
				GCC_WARN_UNUSED_FUNCTION = YES;
				GCC_WARN_UNUSED_VARIABLE = YES;
				IPHONEOS_DEPLOYMENT_TARGET = 13.2;
				MTL_ENABLE_DEBUG_INFO = NO;
				MTL_FAST_MATH = YES;
				SDKROOT = iphoneos;
				SWIFT_COMPILATION_MODE = wholemodule;
				SWIFT_OPTIMIZATION_LEVEL = "-O";
				VALIDATE_PRODUCT = YES;
			};
			name = Release;
		};
		040538EC24B1CEBB00716DFC /* Debug */ = {
			isa = XCBuildConfiguration;
			buildSettings = {
				ASSETCATALOG_COMPILER_APPICON_NAME = AppIcon;
				CODE_SIGN_STYLE = Automatic;
				DEVELOPMENT_TEAM = 6526284TTA;
				INFOPLIST_FILE = first_login/Info.plist;
				LD_RUNPATH_SEARCH_PATHS = (
					"$(inherited)",
					"@executable_path/Frameworks",
				);
				PRODUCT_BUNDLE_IDENTIFIER = "com.nextpage.HowHealthyMVP.first-login";
				PRODUCT_NAME = "$(TARGET_NAME)";
				SWIFT_VERSION = 5.0;
				TARGETED_DEVICE_FAMILY = "1,2";
			};
			name = Debug;
		};
		040538ED24B1CEBB00716DFC /* Release */ = {
			isa = XCBuildConfiguration;
			buildSettings = {
				ASSETCATALOG_COMPILER_APPICON_NAME = AppIcon;
				CODE_SIGN_STYLE = Automatic;
				DEVELOPMENT_TEAM = 6526284TTA;
				INFOPLIST_FILE = first_login/Info.plist;
				LD_RUNPATH_SEARCH_PATHS = (
					"$(inherited)",
					"@executable_path/Frameworks",
				);
				PRODUCT_BUNDLE_IDENTIFIER = "com.nextpage.HowHealthyMVP.first-login";
				PRODUCT_NAME = "$(TARGET_NAME)";
				SWIFT_VERSION = 5.0;
				TARGETED_DEVICE_FAMILY = "1,2";
			};
			name = Release;
		};
		040538EF24B1CEBB00716DFC /* Debug */ = {
			isa = XCBuildConfiguration;
			buildSettings = {
				ALWAYS_EMBED_SWIFT_STANDARD_LIBRARIES = YES;
				BUNDLE_LOADER = "$(TEST_HOST)";
				CODE_SIGN_STYLE = Automatic;
				INFOPLIST_FILE = first_loginTests/Info.plist;
				IPHONEOS_DEPLOYMENT_TARGET = 13.2;
				LD_RUNPATH_SEARCH_PATHS = (
					"$(inherited)",
					"@executable_path/Frameworks",
					"@loader_path/Frameworks",
				);
				PRODUCT_BUNDLE_IDENTIFIER = "com.nextpage.HowHealthyMVP.first-loginTests";
				PRODUCT_NAME = "$(TARGET_NAME)";
				SWIFT_VERSION = 5.0;
				TARGETED_DEVICE_FAMILY = "1,2";
				TEST_HOST = "$(BUILT_PRODUCTS_DIR)/first_login.app/first_login";
			};
			name = Debug;
		};
		040538F024B1CEBB00716DFC /* Release */ = {
			isa = XCBuildConfiguration;
			buildSettings = {
				ALWAYS_EMBED_SWIFT_STANDARD_LIBRARIES = YES;
				BUNDLE_LOADER = "$(TEST_HOST)";
				CODE_SIGN_STYLE = Automatic;
				INFOPLIST_FILE = first_loginTests/Info.plist;
				IPHONEOS_DEPLOYMENT_TARGET = 13.2;
				LD_RUNPATH_SEARCH_PATHS = (
					"$(inherited)",
					"@executable_path/Frameworks",
					"@loader_path/Frameworks",
				);
				PRODUCT_BUNDLE_IDENTIFIER = "com.nextpage.HowHealthyMVP.first-loginTests";
				PRODUCT_NAME = "$(TARGET_NAME)";
				SWIFT_VERSION = 5.0;
				TARGETED_DEVICE_FAMILY = "1,2";
				TEST_HOST = "$(BUILT_PRODUCTS_DIR)/first_login.app/first_login";
			};
			name = Release;
		};
		040538F224B1CEBB00716DFC /* Debug */ = {
			isa = XCBuildConfiguration;
			buildSettings = {
				ALWAYS_EMBED_SWIFT_STANDARD_LIBRARIES = YES;
				CODE_SIGN_STYLE = Automatic;
				INFOPLIST_FILE = first_loginUITests/Info.plist;
				LD_RUNPATH_SEARCH_PATHS = (
					"$(inherited)",
					"@executable_path/Frameworks",
					"@loader_path/Frameworks",
				);
				PRODUCT_BUNDLE_IDENTIFIER = "com.nextpage.HowHealthyMVP.first-loginUITests";
				PRODUCT_NAME = "$(TARGET_NAME)";
				SWIFT_VERSION = 5.0;
				TARGETED_DEVICE_FAMILY = "1,2";
				TEST_TARGET_NAME = first_login;
			};
			name = Debug;
		};
		040538F324B1CEBB00716DFC /* Release */ = {
			isa = XCBuildConfiguration;
			buildSettings = {
				ALWAYS_EMBED_SWIFT_STANDARD_LIBRARIES = YES;
				CODE_SIGN_STYLE = Automatic;
				INFOPLIST_FILE = first_loginUITests/Info.plist;
				LD_RUNPATH_SEARCH_PATHS = (
					"$(inherited)",
					"@executable_path/Frameworks",
					"@loader_path/Frameworks",
				);
				PRODUCT_BUNDLE_IDENTIFIER = "com.nextpage.HowHealthyMVP.first-loginUITests";
				PRODUCT_NAME = "$(TARGET_NAME)";
				SWIFT_VERSION = 5.0;
				TARGETED_DEVICE_FAMILY = "1,2";
				TEST_TARGET_NAME = first_login;
			};
			name = Release;
		};
/* End XCBuildConfiguration section */

/* Begin XCConfigurationList section */
		040538BC24B1CEB900716DFC /* Build configuration list for PBXProject "first_login" */ = {
			isa = XCConfigurationList;
			buildConfigurations = (
				040538E924B1CEBB00716DFC /* Debug */,
				040538EA24B1CEBB00716DFC /* Release */,
			);
			defaultConfigurationIsVisible = 0;
			defaultConfigurationName = Release;
		};
		040538EB24B1CEBB00716DFC /* Build configuration list for PBXNativeTarget "first_login" */ = {
			isa = XCConfigurationList;
			buildConfigurations = (
				040538EC24B1CEBB00716DFC /* Debug */,
				040538ED24B1CEBB00716DFC /* Release */,
			);
			defaultConfigurationIsVisible = 0;
			defaultConfigurationName = Release;
		};
		040538EE24B1CEBB00716DFC /* Build configuration list for PBXNativeTarget "first_loginTests" */ = {
			isa = XCConfigurationList;
			buildConfigurations = (
				040538EF24B1CEBB00716DFC /* Debug */,
				040538F024B1CEBB00716DFC /* Release */,
			);
			defaultConfigurationIsVisible = 0;
			defaultConfigurationName = Release;
		};
		040538F124B1CEBB00716DFC /* Build configuration list for PBXNativeTarget "first_loginUITests" */ = {
			isa = XCConfigurationList;
			buildConfigurations = (
				040538F224B1CEBB00716DFC /* Debug */,
				040538F324B1CEBB00716DFC /* Release */,
			);
			defaultConfigurationIsVisible = 0;
			defaultConfigurationName = Release;
		};
/* End XCConfigurationList section */
	};
	rootObject = 040538B924B1CEB900716DFC /* Project object */;
}
